
Microsoft Visual Studio Solution File, Format Version 12.00
# Visual Studio 15
VisualStudioVersion = 15.0.26730.10
MinimumVisualStudioVersion = 10.0.40219.1
Project("{D954291E-2A0B-460D-934E-DC6B0785DB48}") = "Switcher", "Switcher\Switcher\Switcher.shproj", "{A57B53C3-08F1-4323-9B24-29EDDDD8806F}"
EndProject
Project("{FAE04EC0-301F-11D3-BF4B-00C04F79EFBC}") = "Switcher.Android", "Switcher\Switcher.Android\Switcher.Android.csproj", "{99FB7898-D8A9-4830-B820-9B763CE21396}"
EndProject
Project("{FAE04EC0-301F-11D3-BF4B-00C04F79EFBC}") = "Switcher.iOS", "Switcher\Switcher.iOS\Switcher.iOS.csproj", "{02C366C1-04B9-4DCD-AE79-12DC68B31257}"
EndProject
Global
	GlobalSection(SharedMSBuildProjectFiles) = preSolution
		Switcher\Switcher\Switcher.projitems*{02c366c1-04b9-4dcd-ae79-12dc68b31257}*SharedItemsImports = 4
		Switcher\Switcher\Switcher.projitems*{99fb7898-d8a9-4830-b820-9b763ce21396}*SharedItemsImports = 4
		Switcher\Switcher\Switcher.projitems*{a57b53c3-08f1-4323-9b24-29edddd8806f}*SharedItemsImports = 13
	EndGlobalSection
	GlobalSection(SolutionConfigurationPlatforms) = preSolution
		Ad-Hoc|Any CPU = Ad-Hoc|Any CPU
		Ad-Hoc|iPhone = Ad-Hoc|iPhone
		Ad-Hoc|iPhoneSimulator = Ad-Hoc|iPhoneSimulator
		AppStore|Any CPU = AppStore|Any CPU
		AppStore|iPhone = AppStore|iPhone
		AppStore|iPhoneSimulator = AppStore|iPhoneSimulator
		Debug|Any CPU = Debug|Any CPU
		Debug|iPhone = Debug|iPhone
		Debug|iPhoneSimulator = Debug|iPhoneSimulator
		Release|Any CPU = Release|Any CPU
		Release|iPhone = Release|iPhone
		Release|iPhoneSimulator = Release|iPhoneSimulator
	EndGlobalSection
	GlobalSection(ProjectConfigurationPlatforms) = postSolution
		{99FB7898-D8A9-4830-B820-9B763CE21396}.Ad-Hoc|Any CPU.ActiveCfg = Release|Any CPU
		{99FB7898-D8A9-4830-B820-9B763CE21396}.Ad-Hoc|Any CPU.Build.0 = Release|Any CPU
		{99FB7898-D8A9-4830-B820-9B763CE21396}.Ad-Hoc|Any CPU.Deploy.0 = Release|Any CPU
		{99FB7898-D8A9-4830-B820-9B763CE21396}.Ad-Hoc|iPhone.ActiveCfg = Release|Any CPU
		{99FB7898-D8A9-4830-B820-9B763CE21396}.Ad-Hoc|iPhone.Build.0 = Release|Any CPU
		{99FB7898-D8A9-4830-B820-9B763CE21396}.Ad-Hoc|iPhone.Deploy.0 = Release|Any CPU
		{99FB7898-D8A9-4830-B820-9B763CE21396}.Ad-Hoc|iPhoneSimulator.ActiveCfg = Release|Any CPU
		{99FB7898-D8A9-4830-B820-9B763CE21396}.Ad-Hoc|iPhoneSimulator.Build.0 = Release|Any CPU
		{99FB7898-D8A9-4830-B820-9B763CE21396}.Ad-Hoc|iPhoneSimulator.Deploy.0 = Release|Any CPU
		{99FB7898-D8A9-4830-B820-9B763CE21396}.AppStore|Any CPU.ActiveCfg = Release|Any CPU
		{99FB7898-D8A9-4830-B820-9B763CE21396}.AppStore|Any CPU.Build.0 = Release|Any CPU
		{99FB7898-D8A9-4830-B820-9B763CE21396}.AppStore|Any CPU.Deploy.0 = Release|Any CPU
		{99FB7898-D8A9-4830-B820-9B763CE21396}.AppStore|iPhone.ActiveCfg = Release|Any CPU
		{99FB7898-D8A9-4830-B820-9B763CE21396}.AppStore|iPhone.Build.0 = Release|Any CPU
		{99FB7898-D8A9-4830-B820-9B763CE21396}.AppStore|iPhone.Deploy.0 = Release|Any CPU
		{99FB7898-D8A9-4830-B820-9B763CE21396}.AppStore|iPhoneSimulator.ActiveCfg = Release|Any CPU
		{99FB7898-D8A9-4830-B820-9B763CE21396}.AppStore|iPhoneSimulator.Build.0 = Release|Any CPU
		{99FB7898-D8A9-4830-B820-9B763CE21396}.AppStore|iPhoneSimulator.Deploy.0 = Release|Any CPU
		{99FB7898-D8A9-4830-B820-9B763CE21396}.Debug|Any CPU.ActiveCfg = Debug|Any CPU
		{99FB7898-D8A9-4830-B820-9B763CE21396}.Debug|Any CPU.Build.0 = Debug|Any CPU
		{99FB7898-D8A9-4830-B820-9B763CE21396}.Debug|Any CPU.Deploy.0 = Debug|Any CPU
		{99FB7898-D8A9-4830-B820-9B763CE21396}.Debug|iPhone.ActiveCfg = Debug|Any CPU
		{99FB7898-D8A9-4830-B820-9B763CE21396}.Debug|iPhone.Build.0 = Debug|Any CPU
		{99FB7898-D8A9-4830-B820-9B763CE21396}.Debug|iPhone.Deploy.0 = Debug|Any CPU
		{99FB7898-D8A9-4830-B820-9B763CE21396}.Debug|iPhoneSimulator.ActiveCfg = Debug|Any CPU
		{99FB7898-D8A9-4830-B820-9B763CE21396}.Debug|iPhoneSimulator.Build.0 = Debug|Any CPU
		{99FB7898-D8A9-4830-B820-9B763CE21396}.Debug|iPhoneSimulator.Deploy.0 = Debug|Any CPU
		{99FB7898-D8A9-4830-B820-9B763CE21396}.Release|Any CPU.ActiveCfg = Release|Any CPU
		{99FB7898-D8A9-4830-B820-9B763CE21396}.Release|Any CPU.Build.0 = Release|Any CPU
		{99FB7898-D8A9-4830-B820-9B763CE21396}.Release|Any CPU.Deploy.0 = Release|Any CPU
		{99FB7898-D8A9-4830-B820-9B763CE21396}.Release|iPhone.ActiveCfg = Release|Any CPU
		{99FB7898-D8A9-4830-B820-9B763CE21396}.Release|iPhone.Build.0 = Release|Any CPU
		{99FB7898-D8A9-4830-B820-9B763CE21396}.Release|iPhone.Deploy.0 = Release|Any CPU
		{99FB7898-D8A9-4830-B820-9B763CE21396}.Release|iPhoneSimulator.ActiveCfg = Release|Any CPU
		{99FB7898-D8A9-4830-B820-9B763CE21396}.Release|iPhoneSimulator.Build.0 = Release|Any CPU
		{99FB7898-D8A9-4830-B820-9B763CE21396}.Release|iPhoneSimulator.Deploy.0 = Release|Any CPU
		{02C366C1-04B9-4DCD-AE79-12DC68B31257}.Ad-Hoc|Any CPU.ActiveCfg = Ad-Hoc|iPhone
		{02C366C1-04B9-4DCD-AE79-12DC68B31257}.Ad-Hoc|iPhone.ActiveCfg = Ad-Hoc|iPhone
		{02C366C1-04B9-4DCD-AE79-12DC68B31257}.Ad-Hoc|iPhone.Build.0 = Ad-Hoc|iPhone
		{02C366C1-04B9-4DCD-AE79-12DC68B31257}.Ad-Hoc|iPhoneSimulator.ActiveCfg = Ad-Hoc|iPhoneSimulator
		{02C366C1-04B9-4DCD-AE79-12DC68B31257}.Ad-Hoc|iPhoneSimulator.Build.0 = Ad-Hoc|iPhoneSimulator
		{02C366C1-04B9-4DCD-AE79-12DC68B31257}.AppStore|Any CPU.ActiveCfg = AppStore|iPhone
		{02C366C1-04B9-4DCD-AE79-12DC68B31257}.AppStore|iPhone.ActiveCfg = AppStore|iPhone
		{02C366C1-04B9-4DCD-AE79-12DC68B31257}.AppStore|iPhone.Build.0 = AppStore|iPhone
		{02C366C1-04B9-4DCD-AE79-12DC68B31257}.AppStore|iPhoneSimulator.ActiveCfg = AppStore|iPhoneSimulator
		{02C366C1-04B9-4DCD-AE79-12DC68B31257}.AppStore|iPhoneSimulator.Build.0 = AppStore|iPhoneSimulator
		{02C366C1-04B9-4DCD-AE79-12DC68B31257}.Debug|Any CPU.ActiveCfg = Debug|iPhone
		{02C366C1-04B9-4DCD-AE79-12DC68B31257}.Debug|iPhone.ActiveCfg = Debug|iPhone
		{02C366C1-04B9-4DCD-AE79-12DC68B31257}.Debug|iPhone.Build.0 = Debug|iPhone
		{02C366C1-04B9-4DCD-AE79-12DC68B31257}.Debug|iPhoneSimulator.ActiveCfg = Debug|iPhoneSimulator
		{02C366C1-04B9-4DCD-AE79-12DC68B31257}.Debug|iPhoneSimulator.Build.0 = Debug|iPhoneSimulator
		{02C366C1-04B9-4DCD-AE79-12DC68B31257}.Release|Any CPU.ActiveCfg = Release|iPhone
		{02C366C1-04B9-4DCD-AE79-12DC68B31257}.Release|iPhone.ActiveCfg = Release|iPhone
		{02C366C1-04B9-4DCD-AE79-12DC68B31257}.Release|iPhone.Build.0 = Release|iPhone
		{02C366C1-04B9-4DCD-AE79-12DC68B31257}.Release|iPhoneSimulator.ActiveCfg = Release|iPhoneSimulator
		{02C366C1-04B9-4DCD-AE79-12DC68B31257}.Release|iPhoneSimulator.Build.0 = Release|iPhoneSimulator
	EndGlobalSection
	GlobalSection(SolutionProperties) = preSolution
		HideSolutionNode = FALSE
	EndGlobalSection
	GlobalSection(ExtensibilityGlobals) = postSolution
		SolutionGuid = {55980E6B-0F4F-415A-9586-E814C3BEAF9E}
	EndGlobalSection
EndGlobal
